// !$*UTF8*$!
{
	archiveVersion = 1;
	classes = {
	};
	objectVersion = 56;
	objects = {

/* Begin PBXBuildFile section */
		04D7ADF62C629F6D00903047 /* WeatherAppApp.swift in Sources */ = {isa = PBXBuildFile; fileRef = 04D7ADF52C629F6D00903047 /* WeatherAppApp.swift */; };
		04D7ADF82C629F6D00903047 /* ContentView.swift in Sources */ = {isa = PBXBuildFile; fileRef = 04D7ADF72C629F6D00903047 /* ContentView.swift */; };
		04D7ADFA2C629F7000903047 /* Assets.xcassets in Resources */ = {isa = PBXBuildFile; fileRef = 04D7ADF92C629F7000903047 /* Assets.xcassets */; };
		04D7ADFD2C629F7000903047 /* Preview Assets.xcassets in Resources */ = {isa = PBXBuildFile; fileRef = 04D7ADFC2C629F7000903047 /* Preview Assets.xcassets */; };
		04D7AE0B2C62A1BE00903047 /* HomeView.swift in Sources */ = {isa = PBXBuildFile; fileRef = 04D7AE0A2C62A1BE00903047 /* HomeView.swift */; };
		04D7AE0F2C62A2B200903047 /* Extensions.swift in Sources */ = {isa = PBXBuildFile; fileRef = 04D7AE0E2C62A2B200903047 /* Extensions.swift */; };
		04D7AE112C62B1A000903047 /* TabBar.swift in Sources */ = {isa = PBXBuildFile; fileRef = 04D7AE102C62B1A000903047 /* TabBar.swift */; };
		04D7AE132C62B54100903047 /* Shapes.swift in Sources */ = {isa = PBXBuildFile; fileRef = 04D7AE122C62B54100903047 /* Shapes.swift */; };
		04D7AE192C63296E00903047 /* BottomSheet in Frameworks */ = {isa = PBXBuildFile; productRef = 04D7AE182C63296E00903047 /* BottomSheet */; };
		04D7AE1B2C632A0B00903047 /* ForecastView.swift in Sources */ = {isa = PBXBuildFile; fileRef = 04D7AE1A2C632A0B00903047 /* ForecastView.swift */; };
		04D7AE1D2C632EB800903047 /* Blur.swift in Sources */ = {isa = PBXBuildFile; fileRef = 04D7AE1C2C632EB800903047 /* Blur.swift */; };
		04D7AE1F2C63437800903047 /* SegmentedControl.swift in Sources */ = {isa = PBXBuildFile; fileRef = 04D7AE1E2C63437800903047 /* SegmentedControl.swift */; };
		04D7AE212C6347E900903047 /* ForecastModel.swift in Sources */ = {isa = PBXBuildFile; fileRef = 04D7AE202C6347E900903047 /* ForecastModel.swift */; };
		04D7AE232C634ABA00903047 /* ForecastCard.swift in Sources */ = {isa = PBXBuildFile; fileRef = 04D7AE222C634ABA00903047 /* ForecastCard.swift */; };
		04D7AE252C63588700903047 /* NavigationBar.swift in Sources */ = {isa = PBXBuildFile; fileRef = 04D7AE242C63588700903047 /* NavigationBar.swift */; };
		04D7AE272C635ADF00903047 /* WeatherView.swift in Sources */ = {isa = PBXBuildFile; fileRef = 04D7AE262C635ADF00903047 /* WeatherView.swift */; };
		04D7AE292C6362EC00903047 /* WeatherWidget.swift in Sources */ = {isa = PBXBuildFile; fileRef = 04D7AE282C6362EC00903047 /* WeatherWidget.swift */; };
/* End PBXBuildFile section */

/* Begin PBXFileReference section */
		04D7ADF22C629F6D00903047 /* WeatherApp.app */ = {isa = PBXFileReference; explicitFileType = wrapper.application; includeInIndex = 0; path = WeatherApp.app; sourceTree = BUILT_PRODUCTS_DIR; };
		04D7ADF52C629F6D00903047 /* WeatherAppApp.swift */ = {isa = PBXFileReference; lastKnownFileType = sourcecode.swift; path = WeatherAppApp.swift; sourceTree = "<group>"; };
		04D7ADF72C629F6D00903047 /* ContentView.swift */ = {isa = PBXFileReference; lastKnownFileType = sourcecode.swift; path = ContentView.swift; sourceTree = "<group>"; };
		04D7ADF92C629F7000903047 /* Assets.xcassets */ = {isa = PBXFileReference; lastKnownFileType = folder.assetcatalog; path = Assets.xcassets; sourceTree = "<group>"; };
		04D7ADFC2C629F7000903047 /* Preview Assets.xcassets */ = {isa = PBXFileReference; lastKnownFileType = folder.assetcatalog; path = "Preview Assets.xcassets"; sourceTree = "<group>"; };
		04D7AE0A2C62A1BE00903047 /* HomeView.swift */ = {isa = PBXFileReference; lastKnownFileType = sourcecode.swift; path = HomeView.swift; sourceTree = "<group>"; };
		04D7AE0E2C62A2B200903047 /* Extensions.swift */ = {isa = PBXFileReference; lastKnownFileType = sourcecode.swift; path = Extensions.swift; sourceTree = "<group>"; };
		04D7AE102C62B1A000903047 /* TabBar.swift */ = {isa = PBXFileReference; lastKnownFileType = sourcecode.swift; path = TabBar.swift; sourceTree = "<group>"; };
		04D7AE122C62B54100903047 /* Shapes.swift */ = {isa = PBXFileReference; lastKnownFileType = sourcecode.swift; path = Shapes.swift; sourceTree = "<group>"; };
		04D7AE1A2C632A0B00903047 /* ForecastView.swift */ = {isa = PBXFileReference; lastKnownFileType = sourcecode.swift; path = ForecastView.swift; sourceTree = "<group>"; };
		04D7AE1C2C632EB800903047 /* Blur.swift */ = {isa = PBXFileReference; lastKnownFileType = sourcecode.swift; path = Blur.swift; sourceTree = "<group>"; };
		04D7AE1E2C63437800903047 /* SegmentedControl.swift */ = {isa = PBXFileReference; lastKnownFileType = sourcecode.swift; path = SegmentedControl.swift; sourceTree = "<group>"; };
		04D7AE202C6347E900903047 /* ForecastModel.swift */ = {isa = PBXFileReference; lastKnownFileType = sourcecode.swift; path = ForecastModel.swift; sourceTree = "<group>"; };
		04D7AE222C634ABA00903047 /* ForecastCard.swift */ = {isa = PBXFileReference; lastKnownFileType = sourcecode.swift; path = ForecastCard.swift; sourceTree = "<group>"; };
		04D7AE242C63588700903047 /* NavigationBar.swift */ = {isa = PBXFileReference; lastKnownFileType = sourcecode.swift; path = NavigationBar.swift; sourceTree = "<group>"; };
		04D7AE262C635ADF00903047 /* WeatherView.swift */ = {isa = PBXFileReference; lastKnownFileType = sourcecode.swift; path = WeatherView.swift; sourceTree = "<group>"; };
		04D7AE282C6362EC00903047 /* WeatherWidget.swift */ = {isa = PBXFileReference; lastKnownFileType = sourcecode.swift; path = WeatherWidget.swift; sourceTree = "<group>"; };
/* End PBXFileReference section */

/* Begin PBXFrameworksBuildPhase section */
		04D7ADEF2C629F6D00903047 /* Frameworks */ = {
			isa = PBXFrameworksBuildPhase;
			buildActionMask = 2147483647;
			files = (
				04D7AE192C63296E00903047 /* BottomSheet in Frameworks */,
			);
			runOnlyForDeploymentPostprocessing = 0;
		};
/* End PBXFrameworksBuildPhase section */

/* Begin PBXGroup section */
		04D7ADE92C629F6D00903047 = {
			isa = PBXGroup;
			children = (
				04D7ADF42C629F6D00903047 /* WeatherApp */,
				04D7ADF32C629F6D00903047 /* Products */,
			);
			sourceTree = "<group>";
		};
		04D7ADF32C629F6D00903047 /* Products */ = {
			isa = PBXGroup;
			children = (
				04D7ADF22C629F6D00903047 /* WeatherApp.app */,
			);
			name = Products;
			sourceTree = "<group>";
		};
		04D7ADF42C629F6D00903047 /* WeatherApp */ = {
			isa = PBXGroup;
			children = (
				04D7ADF52C629F6D00903047 /* WeatherAppApp.swift */,
				04D7AE032C62A07D00903047 /* Views */,
				04D7AE042C62A08700903047 /* Models */,
				04D7AE052C62A08D00903047 /* Utils */,
				04D7ADF92C629F7000903047 /* Assets.xcassets */,
				04D7ADFB2C629F7000903047 /* Preview Content */,
			);
			path = WeatherApp;
			sourceTree = "<group>";
		};
		04D7ADFB2C629F7000903047 /* Preview Content */ = {
			isa = PBXGroup;
			children = (
				04D7ADFC2C629F7000903047 /* Preview Assets.xcassets */,
			);
			path = "Preview Content";
			sourceTree = "<group>";
		};
		04D7AE032C62A07D00903047 /* Views */ = {
			isa = PBXGroup;
			children = (
				04D7AE062C62A0F600903047 /* Main */,
				04D7AE072C62A10100903047 /* Navigation */,
				04D7AE082C62A10B00903047 /* Detail */,
				04D7AE092C62A11500903047 /* Components */,
			);
			path = Views;
			sourceTree = "<group>";
		};
		04D7AE042C62A08700903047 /* Models */ = {
			isa = PBXGroup;
			children = (
				04D7AE202C6347E900903047 /* ForecastModel.swift */,
			);
			path = Models;
			sourceTree = "<group>";
		};
		04D7AE052C62A08D00903047 /* Utils */ = {
			isa = PBXGroup;
			children = (
				04D7AE0E2C62A2B200903047 /* Extensions.swift */,
				04D7AE122C62B54100903047 /* Shapes.swift */,
			);
			path = Utils;
			sourceTree = "<group>";
		};
		04D7AE062C62A0F600903047 /* Main */ = {
			isa = PBXGroup;
			children = (
				04D7ADF72C629F6D00903047 /* ContentView.swift */,
				04D7AE0A2C62A1BE00903047 /* HomeView.swift */,
			);
			path = Main;
			sourceTree = "<group>";
		};
		04D7AE072C62A10100903047 /* Navigation */ = {
			isa = PBXGroup;
			children = (
				04D7AE102C62B1A000903047 /* TabBar.swift */,
				04D7AE242C63588700903047 /* NavigationBar.swift */,
			);
			path = Navigation;
			sourceTree = "<group>";
		};
		04D7AE082C62A10B00903047 /* Detail */ = {
			isa = PBXGroup;
			children = (
				04D7AE1A2C632A0B00903047 /* ForecastView.swift */,
				04D7AE262C635ADF00903047 /* WeatherView.swift */,
			);
			path = Detail;
			sourceTree = "<group>";
		};
		04D7AE092C62A11500903047 /* Components */ = {
			isa = PBXGroup;
			children = (
				04D7AE1C2C632EB800903047 /* Blur.swift */,
				04D7AE1E2C63437800903047 /* SegmentedControl.swift */,
				04D7AE222C634ABA00903047 /* ForecastCard.swift */,
				04D7AE282C6362EC00903047 /* WeatherWidget.swift */,
			);
			path = Components;
			sourceTree = "<group>";
		};
/* End PBXGroup section */

/* Begin PBXNativeTarget section */
		04D7ADF12C629F6D00903047 /* WeatherApp */ = {
			isa = PBXNativeTarget;
			buildConfigurationList = 04D7AE002C629F7000903047 /* Build configuration list for PBXNativeTarget "WeatherApp" */;
			buildPhases = (
				04D7ADEE2C629F6D00903047 /* Sources */,
				04D7ADEF2C629F6D00903047 /* Frameworks */,
				04D7ADF02C629F6D00903047 /* Resources */,
			);
			buildRules = (
			);
			dependencies = (
			);
			name = WeatherApp;
			packageProductDependencies = (
				04D7AE182C63296E00903047 /* BottomSheet */,
			);
			productName = WeatherApp;
			productReference = 04D7ADF22C629F6D00903047 /* WeatherApp.app */;
			productType = "com.apple.product-type.application";
		};
/* End PBXNativeTarget section */

/* Begin PBXProject section */
		04D7ADEA2C629F6D00903047 /* Project object */ = {
			isa = PBXProject;
			attributes = {
				BuildIndependentTargetsInParallel = 1;
				LastSwiftUpdateCheck = 1520;
				LastUpgradeCheck = 1520;
				TargetAttributes = {
					04D7ADF12C629F6D00903047 = {
						CreatedOnToolsVersion = 15.2;
					};
				};
			};
			buildConfigurationList = 04D7ADED2C629F6D00903047 /* Build configuration list for PBXProject "WeatherApp" */;
			compatibilityVersion = "Xcode 14.0";
			developmentRegion = en;
			hasScannedForEncodings = 0;
			knownRegions = (
				en,
				Base,
			);
			mainGroup = 04D7ADE92C629F6D00903047;
			packageReferences = (
				04D7AE172C63296E00903047 /* XCRemoteSwiftPackageReference "BottomSheet" */,
			);
			productRefGroup = 04D7ADF32C629F6D00903047 /* Products */;
			projectDirPath = "";
			projectRoot = "";
			targets = (
				04D7ADF12C629F6D00903047 /* WeatherApp */,
			);
		};
/* End PBXProject section */

/* Begin PBXResourcesBuildPhase section */
		04D7ADF02C629F6D00903047 /* Resources */ = {
			isa = PBXResourcesBuildPhase;
			buildActionMask = 2147483647;
			files = (
				04D7ADFD2C629F7000903047 /* Preview Assets.xcassets in Resources */,
				04D7ADFA2C629F7000903047 /* Assets.xcassets in Resources */,
			);
			runOnlyForDeploymentPostprocessing = 0;
		};
/* End PBXResourcesBuildPhase section */

/* Begin PBXSourcesBuildPhase section */
		04D7ADEE2C629F6D00903047 /* Sources */ = {
			isa = PBXSourcesBuildPhase;
			buildActionMask = 2147483647;
			files = (
				04D7AE292C6362EC00903047 /* WeatherWidget.swift in Sources */,
				04D7AE232C634ABA00903047 /* ForecastCard.swift in Sources */,
				04D7AE0B2C62A1BE00903047 /* HomeView.swift in Sources */,
				04D7AE1F2C63437800903047 /* SegmentedControl.swift in Sources */,
				04D7ADF82C629F6D00903047 /* ContentView.swift in Sources */,
				04D7AE1D2C632EB800903047 /* Blur.swift in Sources */,
				04D7AE272C635ADF00903047 /* WeatherView.swift in Sources */,
				04D7ADF62C629F6D00903047 /* WeatherAppApp.swift in Sources */,
				04D7AE0F2C62A2B200903047 /* Extensions.swift in Sources */,
				04D7AE1B2C632A0B00903047 /* ForecastView.swift in Sources */,
				04D7AE112C62B1A000903047 /* TabBar.swift in Sources */,
				04D7AE212C6347E900903047 /* ForecastModel.swift in Sources */,
				04D7AE132C62B54100903047 /* Shapes.swift in Sources */,
				04D7AE252C63588700903047 /* NavigationBar.swift in Sources */,
			);
			runOnlyForDeploymentPostprocessing = 0;
		};
/* End PBXSourcesBuildPhase section */

/* Begin XCBuildConfiguration section */
		04D7ADFE2C629F7000903047 /* Debug */ = {
			isa = XCBuildConfiguration;
			buildSettings = {
				ALWAYS_SEARCH_USER_PATHS = NO;
				ASSETCATALOG_COMPILER_GENERATE_SWIFT_ASSET_SYMBOL_EXTENSIONS = YES;
				CLANG_ANALYZER_NONNULL = YES;
				CLANG_ANALYZER_NUMBER_OBJECT_CONVERSION = YES_AGGRESSIVE;
				CLANG_CXX_LANGUAGE_STANDARD = "gnu++20";
				CLANG_ENABLE_MODULES = YES;
				CLANG_ENABLE_OBJC_ARC = YES;
				CLANG_ENABLE_OBJC_WEAK = YES;
				CLANG_WARN_BLOCK_CAPTURE_AUTORELEASING = YES;
				CLANG_WARN_BOOL_CONVERSION = YES;
				CLANG_WARN_COMMA = YES;
				CLANG_WARN_CONSTANT_CONVERSION = YES;
				CLANG_WARN_DEPRECATED_OBJC_IMPLEMENTATIONS = YES;
				CLANG_WARN_DIRECT_OBJC_ISA_USAGE = YES_ERROR;
				CLANG_WARN_DOCUMENTATION_COMMENTS = YES;
				CLANG_WARN_EMPTY_BODY = YES;
				CLANG_WARN_ENUM_CONVERSION = YES;
				CLANG_WARN_INFINITE_RECURSION = YES;
				CLANG_WARN_INT_CONVERSION = YES;
				CLANG_WARN_NON_LITERAL_NULL_CONVERSION = YES;
				CLANG_WARN_OBJC_IMPLICIT_RETAIN_SELF = YES;
				CLANG_WARN_OBJC_LITERAL_CONVERSION = YES;
				CLANG_WARN_OBJC_ROOT_CLASS = YES_ERROR;
				CLANG_WARN_QUOTED_INCLUDE_IN_FRAMEWORK_HEADER = YES;
				CLANG_WARN_RANGE_LOOP_ANALYSIS = YES;
				CLANG_WARN_STRICT_PROTOTYPES = YES;
				CLANG_WARN_SUSPICIOUS_MOVE = YES;
				CLANG_WARN_UNGUARDED_AVAILABILITY = YES_AGGRESSIVE;
				CLANG_WARN_UNREACHABLE_CODE = YES;
				CLANG_WARN__DUPLICATE_METHOD_MATCH = YES;
				COPY_PHASE_STRIP = NO;
				DEBUG_INFORMATION_FORMAT = dwarf;
				ENABLE_STRICT_OBJC_MSGSEND = YES;
				ENABLE_TESTABILITY = YES;
				ENABLE_USER_SCRIPT_SANDBOXING = YES;
				GCC_C_LANGUAGE_STANDARD = gnu17;
				GCC_DYNAMIC_NO_PIC = NO;
				GCC_NO_COMMON_BLOCKS = YES;
				GCC_OPTIMIZATION_LEVEL = 0;
				GCC_PREPROCESSOR_DEFINITIONS = (
					"DEBUG=1",
					"$(inherited)",
				);
				GCC_WARN_64_TO_32_BIT_CONVERSION = YES;
				GCC_WARN_ABOUT_RETURN_TYPE = YES_ERROR;
				GCC_WARN_UNDECLARED_SELECTOR = YES;
				GCC_WARN_UNINITIALIZED_AUTOS = YES_AGGRESSIVE;
				GCC_WARN_UNUSED_FUNCTION = YES;
				GCC_WARN_UNUSED_VARIABLE = YES;
				IPHONEOS_DEPLOYMENT_TARGET = 17.2;
				LOCALIZATION_PREFERS_STRING_CATALOGS = YES;
				MTL_ENABLE_DEBUG_INFO = INCLUDE_SOURCE;
				MTL_FAST_MATH = YES;
				ONLY_ACTIVE_ARCH = YES;
				SDKROOT = iphoneos;
				SWIFT_ACTIVE_COMPILATION_CONDITIONS = "DEBUG $(inherited)";
				SWIFT_OPTIMIZATION_LEVEL = "-Onone";
			};
			name = Debug;
		};
		04D7ADFF2C629F7000903047 /* Release */ = {
			isa = XCBuildConfiguration;
			buildSettings = {
				ALWAYS_SEARCH_USER_PATHS = NO;
				ASSETCATALOG_COMPILER_GENERATE_SWIFT_ASSET_SYMBOL_EXTENSIONS = YES;
				CLANG_ANALYZER_NONNULL = YES;
				CLANG_ANALYZER_NUMBER_OBJECT_CONVERSION = YES_AGGRESSIVE;
				CLANG_CXX_LANGUAGE_STANDARD = "gnu++20";
				CLANG_ENABLE_MODULES = YES;
				CLANG_ENABLE_OBJC_ARC = YES;
				CLANG_ENABLE_OBJC_WEAK = YES;
				CLANG_WARN_BLOCK_CAPTURE_AUTORELEASING = YES;
				CLANG_WARN_BOOL_CONVERSION = YES;
				CLANG_WARN_COMMA = YES;
				CLANG_WARN_CONSTANT_CONVERSION = YES;
				CLANG_WARN_DEPRECATED_OBJC_IMPLEMENTATIONS = YES;
				CLANG_WARN_DIRECT_OBJC_ISA_USAGE = YES_ERROR;
				CLANG_WARN_DOCUMENTATION_COMMENTS = YES;
				CLANG_WARN_EMPTY_BODY = YES;
				CLANG_WARN_ENUM_CONVERSION = YES;
				CLANG_WARN_INFINITE_RECURSION = YES;
				CLANG_WARN_INT_CONVERSION = YES;
				CLANG_WARN_NON_LITERAL_NULL_CONVERSION = YES;
				CLANG_WARN_OBJC_IMPLICIT_RETAIN_SELF = YES;
				CLANG_WARN_OBJC_LITERAL_CONVERSION = YES;
				CLANG_WARN_OBJC_ROOT_CLASS = YES_ERROR;
				CLANG_WARN_QUOTED_INCLUDE_IN_FRAMEWORK_HEADER = YES;
				CLANG_WARN_RANGE_LOOP_ANALYSIS = YES;
				CLANG_WARN_STRICT_PROTOTYPES = YES;
				CLANG_WARN_SUSPICIOUS_MOVE = YES;
				CLANG_WARN_UNGUARDED_AVAILABILITY = YES_AGGRESSIVE;
				CLANG_WARN_UNREACHABLE_CODE = YES;
				CLANG_WARN__DUPLICATE_METHOD_MATCH = YES;
				COPY_PHASE_STRIP = NO;
				DEBUG_INFORMATION_FORMAT = "dwarf-with-dsym";
				ENABLE_NS_ASSERTIONS = NO;
				ENABLE_STRICT_OBJC_MSGSEND = YES;
				ENABLE_USER_SCRIPT_SANDBOXING = YES;
				GCC_C_LANGUAGE_STANDARD = gnu17;
				GCC_NO_COMMON_BLOCKS = YES;
				GCC_WARN_64_TO_32_BIT_CONVERSION = YES;
				GCC_WARN_ABOUT_RETURN_TYPE = YES_ERROR;
				GCC_WARN_UNDECLARED_SELECTOR = YES;
				GCC_WARN_UNINITIALIZED_AUTOS = YES_AGGRESSIVE;
				GCC_WARN_UNUSED_FUNCTION = YES;
				GCC_WARN_UNUSED_VARIABLE = YES;
				IPHONEOS_DEPLOYMENT_TARGET = 17.2;
				LOCALIZATION_PREFERS_STRING_CATALOGS = YES;
				MTL_ENABLE_DEBUG_INFO = NO;
				MTL_FAST_MATH = YES;
				SDKROOT = iphoneos;
				SWIFT_COMPILATION_MODE = wholemodule;
				VALIDATE_PRODUCT = YES;
			};
			name = Release;
		};
		04D7AE012C629F7000903047 /* Debug */ = {
			isa = XCBuildConfiguration;
			buildSettings = {
				ASSETCATALOG_COMPILER_APPICON_NAME = AppIcon;
				ASSETCATALOG_COMPILER_GLOBAL_ACCENT_COLOR_NAME = AccentColor;
				CODE_SIGN_STYLE = Automatic;
				CURRENT_PROJECT_VERSION = 1;
				DEVELOPMENT_ASSET_PATHS = "\"WeatherApp/Preview Content\"";
				DEVELOPMENT_TEAM = 45YS3LXWPY;
				ENABLE_PREVIEWS = YES;
				GENERATE_INFOPLIST_FILE = YES;
				INFOPLIST_KEY_UIApplicationSceneManifest_Generation = YES;
				INFOPLIST_KEY_UIApplicationSupportsIndirectInputEvents = YES;
				INFOPLIST_KEY_UILaunchScreen_Generation = YES;
				INFOPLIST_KEY_UISupportedInterfaceOrientations_iPad = "UIInterfaceOrientationPortrait UIInterfaceOrientationPortraitUpsideDown UIInterfaceOrientationLandscapeLeft UIInterfaceOrientationLandscapeRight";
				INFOPLIST_KEY_UISupportedInterfaceOrientations_iPhone = "UIInterfaceOrientationPortrait UIInterfaceOrientationLandscapeLeft UIInterfaceOrientationLandscapeRight";
				LD_RUNPATH_SEARCH_PATHS = (
					"$(inherited)",
					"@executable_path/Frameworks",
				);
				MARKETING_VERSION = 1.0;
				PRODUCT_BUNDLE_IDENTIFIER = com.singh.WeatherApp;
				PRODUCT_NAME = "$(TARGET_NAME)";
				SWIFT_EMIT_LOC_STRINGS = YES;
				SWIFT_VERSION = 5.0;
				TARGETED_DEVICE_FAMILY = "1,2";
			};
			name = Debug;
		};
		04D7AE022C629F7000903047 /* Release */ = {
			isa = XCBuildConfiguration;
			buildSettings = {
				ASSETCATALOG_COMPILER_APPICON_NAME = AppIcon;
				ASSETCATALOG_COMPILER_GLOBAL_ACCENT_COLOR_NAME = AccentColor;
				CODE_SIGN_STYLE = Automatic;
				CURRENT_PROJECT_VERSION = 1;
				DEVELOPMENT_ASSET_PATHS = "\"WeatherApp/Preview Content\"";
				DEVELOPMENT_TEAM = 45YS3LXWPY;
				ENABLE_PREVIEWS = YES;
				GENERATE_INFOPLIST_FILE = YES;
				INFOPLIST_KEY_UIApplicationSceneManifest_Generation = YES;
				INFOPLIST_KEY_UIApplicationSupportsIndirectInputEvents = YES;
				INFOPLIST_KEY_UILaunchScreen_Generation = YES;
				INFOPLIST_KEY_UISupportedInterfaceOrientations_iPad = "UIInterfaceOrientationPortrait UIInterfaceOrientationPortraitUpsideDown UIInterfaceOrientationLandscapeLeft UIInterfaceOrientationLandscapeRight";
				INFOPLIST_KEY_UISupportedInterfaceOrientations_iPhone = "UIInterfaceOrientationPortrait UIInterfaceOrientationLandscapeLeft UIInterfaceOrientationLandscapeRight";
				LD_RUNPATH_SEARCH_PATHS = (
					"$(inherited)",
					"@executable_path/Frameworks",
				);
				MARKETING_VERSION = 1.0;
				PRODUCT_BUNDLE_IDENTIFIER = com.singh.WeatherApp;
				PRODUCT_NAME = "$(TARGET_NAME)";
				SWIFT_EMIT_LOC_STRINGS = YES;
				SWIFT_VERSION = 5.0;
				TARGETED_DEVICE_FAMILY = "1,2";
			};
			name = Release;
		};
/* End XCBuildConfiguration section */

/* Begin XCConfigurationList section */
		04D7ADED2C629F6D00903047 /* Build configuration list for PBXProject "WeatherApp" */ = {
			isa = XCConfigurationList;
			buildConfigurations = (
				04D7ADFE2C629F7000903047 /* Debug */,
				04D7ADFF2C629F7000903047 /* Release */,
			);
			defaultConfigurationIsVisible = 0;
			defaultConfigurationName = Release;
		};
		04D7AE002C629F7000903047 /* Build configuration list for PBXNativeTarget "WeatherApp" */ = {
			isa = XCConfigurationList;
			buildConfigurations = (
				04D7AE012C629F7000903047 /* Debug */,
				04D7AE022C629F7000903047 /* Release */,
			);
			defaultConfigurationIsVisible = 0;
			defaultConfigurationName = Release;
		};
/* End XCConfigurationList section */

/* Begin XCRemoteSwiftPackageReference section */
		04D7AE172C63296E00903047 /* XCRemoteSwiftPackageReference "BottomSheet" */ = {
			isa = XCRemoteSwiftPackageReference;
			repositoryURL = "https://github.com/Wouter125/BottomSheet";
			requirement = {
				kind = upToNextMajorVersion;
				minimumVersion = 1.4.5;
			};
		};
/* End XCRemoteSwiftPackageReference section */

/* Begin XCSwiftPackageProductDependency section */
		04D7AE182C63296E00903047 /* BottomSheet */ = {
			isa = XCSwiftPackageProductDependency;
			package = 04D7AE172C63296E00903047 /* XCRemoteSwiftPackageReference "BottomSheet" */;
			productName = BottomSheet;
		};
/* End XCSwiftPackageProductDependency section */
	};
	rootObject = 04D7ADEA2C629F6D00903047 /* Project object */;
}
